dependencies:
- name: llm-gateway
  repository: file://../../modules/chart-llm-gateway
  version: 0.1.0
- name: retriever
  repository: file://../../modules/chart-retriever
  version: 0.1.0
- name: anomaly-scorer
  repository: file://../../modules/chart-anomaly-scorer
  version: 0.1.2
- name: minio
  repository: file://../../modules/chart-minio
  version: 0.1.0
- name: argo
  repository: file://../../modules/chart-argo
  version: 0.1.0
- name: kserve-models
  repository: file://../../modules/chart-kserve-models
  version: 0.1.0
- name: mesh-ml
  repository: file://../../modules/chart-mesh-ml
  version: 0.1.0
digest: sha256:825aa0ac53245e9213f6bf3b80afd1262bf101f7b3c4294a8c528414d7f9d85b
generated: "2025-10-26T23:17:43.231697-07:00"
