dependencies:
- name: api
  repository: file://../chart-api
  version: 0.1.1
- name: web
  repository: file://../chart-web
  version: 0.1.0
- name: istio
  repository: file://../chart-istio
  version: 0.1.1
- name: secrets
  repository: file://../chart-secrets
  version: 0.1.0
- name: redis
  repository: https://charts.bitnami.com/bitnami
  version: 19.5.5
digest: sha256:24deb87f9d8a9e1dd8a3a37cdbf375f878e475b2cee7ca213e03984becd6d2ae
generated: "2025-09-14T14:48:14.01195-07:00"
