dependencies:
- name: api
  repository: file://../chart-api
  version: 0.1.1
- name: web
  repository: file://../chart-web
  version: 0.3.0
- name: istio
  repository: file://../chart-istio
  version: 0.1.1
- name: secrets
  repository: file://../chart-secrets
  version: 0.1.0
- name: redis
  repository: https://charts.bitnami.com/bitnami
  version: 19.5.5
digest: sha256:34a0ae8b4f2a8f24144c2201080ea69c3af7af07d8eda529aa491d6d29ceed40
generated: "2025-09-15T21:44:10.701983-07:00"
